// !$*UTF8*$!
{
	archiveVersion = 1;
	classes = {
	};
	objectVersion = 56;
	objects = {

/* Begin PBXBuildFile section */
		9A5D01642C08D82F00CE069E /* youareawesomeApp.swift in Sources */ = {isa = PBXBuildFile; fileRef = 9A5D01632C08D82F00CE069E /* youareawesomeApp.swift */; };
		9A5D01662C08D82F00CE069E /* ContentView.swift in Sources */ = {isa = PBXBuildFile; fileRef = 9A5D01652C08D82F00CE069E /* ContentView.swift */; };
		9A5D01682C08D83200CE069E /* Assets.xcassets in Resources */ = {isa = PBXBuildFile; fileRef = 9A5D01672C08D83200CE069E /* Assets.xcassets */; };
		9A5D016B2C08D83200CE069E /* Preview Assets.xcassets in Resources */ = {isa = PBXBuildFile; fileRef = 9A5D016A2C08D83200CE069E /* Preview Assets.xcassets */; };
		9A5D01752C08D83200CE069E /* youareawesomeTests.swift in Sources */ = {isa = PBXBuildFile; fileRef = 9A5D01742C08D83200CE069E /* youareawesomeTests.swift */; };
		9A5D017F2C08D83200CE069E /* youareawesomeUITests.swift in Sources */ = {isa = PBXBuildFile; fileRef = 9A5D017E2C08D83200CE069E /* youareawesomeUITests.swift */; };
		9A5D01812C08D83200CE069E /* youareawesomeUITestsLaunchTests.swift in Sources */ = {isa = PBXBuildFile; fileRef = 9A5D01802C08D83200CE069E /* youareawesomeUITestsLaunchTests.swift */; };
/* End PBXBuildFile section */

/* Begin PBXContainerItemProxy section */
		9A5D01712C08D83200CE069E /* PBXContainerItemProxy */ = {
			isa = PBXContainerItemProxy;
			containerPortal = 9A5D01582C08D82F00CE069E /* Project object */;
			proxyType = 1;
			remoteGlobalIDString = 9A5D015F2C08D82F00CE069E;
			remoteInfo = youareawesome;
		};
		9A5D017B2C08D83200CE069E /* PBXContainerItemProxy */ = {
			isa = PBXContainerItemProxy;
			containerPortal = 9A5D01582C08D82F00CE069E /* Project object */;
			proxyType = 1;
			remoteGlobalIDString = 9A5D015F2C08D82F00CE069E;
			remoteInfo = youareawesome;
		};
/* End PBXContainerItemProxy section */

/* Begin PBXFileReference section */
		9A5D01602C08D82F00CE069E /* youareawesome.app */ = {isa = PBXFileReference; explicitFileType = wrapper.application; includeInIndex = 0; path = youareawesome.app; sourceTree = BUILT_PRODUCTS_DIR; };
		9A5D01632C08D82F00CE069E /* youareawesomeApp.swift */ = {isa = PBXFileReference; lastKnownFileType = sourcecode.swift; path = youareawesomeApp.swift; sourceTree = "<group>"; };
		9A5D01652C08D82F00CE069E /* ContentView.swift */ = {isa = PBXFileReference; lastKnownFileType = sourcecode.swift; path = ContentView.swift; sourceTree = "<group>"; };
		9A5D01672C08D83200CE069E /* Assets.xcassets */ = {isa = PBXFileReference; lastKnownFileType = folder.assetcatalog; path = Assets.xcassets; sourceTree = "<group>"; };
		9A5D016A2C08D83200CE069E /* Preview Assets.xcassets */ = {isa = PBXFileReference; lastKnownFileType = folder.assetcatalog; path = "Preview Assets.xcassets"; sourceTree = "<group>"; };
		9A5D01702C08D83200CE069E /* youareawesomeTests.xctest */ = {isa = PBXFileReference; explicitFileType = wrapper.cfbundle; includeInIndex = 0; path = youareawesomeTests.xctest; sourceTree = BUILT_PRODUCTS_DIR; };
		9A5D01742C08D83200CE069E /* youareawesomeTests.swift */ = {isa = PBXFileReference; lastKnownFileType = sourcecode.swift; path = youareawesomeTests.swift; sourceTree = "<group>"; };
		9A5D017A2C08D83200CE069E /* youareawesomeUITests.xctest */ = {isa = PBXFileReference; explicitFileType = wrapper.cfbundle; includeInIndex = 0; path = youareawesomeUITests.xctest; sourceTree = BUILT_PRODUCTS_DIR; };
		9A5D017E2C08D83200CE069E /* youareawesomeUITests.swift */ = {isa = PBXFileReference; lastKnownFileType = sourcecode.swift; path = youareawesomeUITests.swift; sourceTree = "<group>"; };
		9A5D01802C08D83200CE069E /* youareawesomeUITestsLaunchTests.swift */ = {isa = PBXFileReference; lastKnownFileType = sourcecode.swift; path = youareawesomeUITestsLaunchTests.swift; sourceTree = "<group>"; };
		9AF594972C31EFD7003D6F3B /* Info.plist */ = {isa = PBXFileReference; lastKnownFileType = text.plist; path = Info.plist; sourceTree = "<group>"; };
/* End PBXFileReference section */

/* Begin PBXFrameworksBuildPhase section */
		9A5D015D2C08D82F00CE069E /* Frameworks */ = {
			isa = PBXFrameworksBuildPhase;
			buildActionMask = 2147483647;
			files = (
			);
			runOnlyForDeploymentPostprocessing = 0;
		};
		9A5D016D2C08D83200CE069E /* Frameworks */ = {
			isa = PBXFrameworksBuildPhase;
			buildActionMask = 2147483647;
			files = (
			);
			runOnlyForDeploymentPostprocessing = 0;
		};
		9A5D01772C08D83200CE069E /* Frameworks */ = {
			isa = PBXFrameworksBuildPhase;
			buildActionMask = 2147483647;
			files = (
			);
			runOnlyForDeploymentPostprocessing = 0;
		};
/* End PBXFrameworksBuildPhase section */

/* Begin PBXGroup section */
		9A5D01572C08D82F00CE069E = {
			isa = PBXGroup;
			children = (
				9A5D01622C08D82F00CE069E /* youareawesome */,
				9A5D01732C08D83200CE069E /* youareawesomeTests */,
				9A5D017D2C08D83200CE069E /* youareawesomeUITests */,
				9A5D01612C08D82F00CE069E /* Products */,
			);
			sourceTree = "<group>";
		};
		9A5D01612C08D82F00CE069E /* Products */ = {
			isa = PBXGroup;
			children = (
				9A5D01602C08D82F00CE069E /* youareawesome.app */,
				9A5D01702C08D83200CE069E /* youareawesomeTests.xctest */,
				9A5D017A2C08D83200CE069E /* youareawesomeUITests.xctest */,
			);
			name = Products;
			sourceTree = "<group>";
		};
		9A5D01622C08D82F00CE069E /* youareawesome */ = {
			isa = PBXGroup;
			children = (
				9AF594972C31EFD7003D6F3B /* Info.plist */,
				9A5D01632C08D82F00CE069E /* youareawesomeApp.swift */,
				9A5D01652C08D82F00CE069E /* ContentView.swift */,
				9A5D01672C08D83200CE069E /* Assets.xcassets */,
				9A5D01692C08D83200CE069E /* Preview Content */,
			);
			path = youareawesome;
			sourceTree = "<group>";
		};
		9A5D01692C08D83200CE069E /* Preview Content */ = {
			isa = PBXGroup;
			children = (
				9A5D016A2C08D83200CE069E /* Preview Assets.xcassets */,
			);
			path = "Preview Content";
			sourceTree = "<group>";
		};
		9A5D01732C08D83200CE069E /* youareawesomeTests */ = {
			isa = PBXGroup;
			children = (
				9A5D01742C08D83200CE069E /* youareawesomeTests.swift */,
			);
			path = youareawesomeTests;
			sourceTree = "<group>";
		};
		9A5D017D2C08D83200CE069E /* youareawesomeUITests */ = {
			isa = PBXGroup;
			children = (
				9A5D017E2C08D83200CE069E /* youareawesomeUITests.swift */,
				9A5D01802C08D83200CE069E /* youareawesomeUITestsLaunchTests.swift */,
			);
			path = youareawesomeUITests;
			sourceTree = "<group>";
		};
/* End PBXGroup section */

/* Begin PBXNativeTarget section */
		9A5D015F2C08D82F00CE069E /* youareawesome */ = {
			isa = PBXNativeTarget;
			buildConfigurationList = 9A5D01842C08D83200CE069E /* Build configuration list for PBXNativeTarget "youareawesome" */;
			buildPhases = (
				9A5D015C2C08D82F00CE069E /* Sources */,
				9A5D015D2C08D82F00CE069E /* Frameworks */,
				9A5D015E2C08D82F00CE069E /* Resources */,
			);
			buildRules = (
			);
			dependencies = (
			);
			name = youareawesome;
			productName = youareawesome;
			productReference = 9A5D01602C08D82F00CE069E /* youareawesome.app */;
			productType = "com.apple.product-type.application";
		};
		9A5D016F2C08D83200CE069E /* youareawesomeTests */ = {
			isa = PBXNativeTarget;
			buildConfigurationList = 9A5D01872C08D83200CE069E /* Build configuration list for PBXNativeTarget "youareawesomeTests" */;
			buildPhases = (
				9A5D016C2C08D83200CE069E /* Sources */,
				9A5D016D2C08D83200CE069E /* Frameworks */,
				9A5D016E2C08D83200CE069E /* Resources */,
			);
			buildRules = (
			);
			dependencies = (
				9A5D01722C08D83200CE069E /* PBXTargetDependency */,
			);
			name = youareawesomeTests;
			productName = youareawesomeTests;
			productReference = 9A5D01702C08D83200CE069E /* youareawesomeTests.xctest */;
			productType = "com.apple.product-type.bundle.unit-test";
		};
		9A5D01792C08D83200CE069E /* youareawesomeUITests */ = {
			isa = PBXNativeTarget;
			buildConfigurationList = 9A5D018A2C08D83200CE069E /* Build configuration list for PBXNativeTarget "youareawesomeUITests" */;
			buildPhases = (
				9A5D01762C08D83200CE069E /* Sources */,
				9A5D01772C08D83200CE069E /* Frameworks */,
				9A5D01782C08D83200CE069E /* Resources */,
			);
			buildRules = (
			);
			dependencies = (
				9A5D017C2C08D83200CE069E /* PBXTargetDependency */,
			);
			name = youareawesomeUITests;
			productName = youareawesomeUITests;
			productReference = 9A5D017A2C08D83200CE069E /* youareawesomeUITests.xctest */;
			productType = "com.apple.product-type.bundle.ui-testing";
		};
/* End PBXNativeTarget section */

/* Begin PBXProject section */
		9A5D01582C08D82F00CE069E /* Project object */ = {
			isa = PBXProject;
			attributes = {
				BuildIndependentTargetsInParallel = 1;
				LastSwiftUpdateCheck = 1540;
				LastUpgradeCheck = 1540;
				TargetAttributes = {
					9A5D015F2C08D82F00CE069E = {
						CreatedOnToolsVersion = 15.4;
					};
					9A5D016F2C08D83200CE069E = {
						CreatedOnToolsVersion = 15.4;
						TestTargetID = 9A5D015F2C08D82F00CE069E;
					};
					9A5D01792C08D83200CE069E = {
						CreatedOnToolsVersion = 15.4;
						TestTargetID = 9A5D015F2C08D82F00CE069E;
					};
				};
			};
			buildConfigurationList = 9A5D015B2C08D82F00CE069E /* Build configuration list for PBXProject "youareawesome" */;
			compatibilityVersion = "Xcode 14.0";
			developmentRegion = en;
			hasScannedForEncodings = 0;
			knownRegions = (
				en,
				Base,
			);
			mainGroup = 9A5D01572C08D82F00CE069E;
			productRefGroup = 9A5D01612C08D82F00CE069E /* Products */;
			projectDirPath = "";
			projectRoot = "";
			targets = (
				9A5D015F2C08D82F00CE069E /* youareawesome */,
				9A5D016F2C08D83200CE069E /* youareawesomeTests */,
				9A5D01792C08D83200CE069E /* youareawesomeUITests */,
			);
		};
/* End PBXProject section */

/* Begin PBXResourcesBuildPhase section */
		9A5D015E2C08D82F00CE069E /* Resources */ = {
			isa = PBXResourcesBuildPhase;
			buildActionMask = 2147483647;
			files = (
				9A5D016B2C08D83200CE069E /* Preview Assets.xcassets in Resources */,
				9A5D01682C08D83200CE069E /* Assets.xcassets in Resources */,
			);
			runOnlyForDeploymentPostprocessing = 0;
		};
		9A5D016E2C08D83200CE069E /* Resources */ = {
			isa = PBXResourcesBuildPhase;
			buildActionMask = 2147483647;
			files = (
			);
			runOnlyForDeploymentPostprocessing = 0;
		};
		9A5D01782C08D83200CE069E /* Resources */ = {
			isa = PBXResourcesBuildPhase;
			buildActionMask = 2147483647;
			files = (
			);
			runOnlyForDeploymentPostprocessing = 0;
		};
/* End PBXResourcesBuildPhase section */

/* Begin PBXSourcesBuildPhase section */
		9A5D015C2C08D82F00CE069E /* Sources */ = {
			isa = PBXSourcesBuildPhase;
			buildActionMask = 2147483647;
			files = (
				9A5D01662C08D82F00CE069E /* ContentView.swift in Sources */,
				9A5D01642C08D82F00CE069E /* youareawesomeApp.swift in Sources */,
			);
			runOnlyForDeploymentPostprocessing = 0;
		};
		9A5D016C2C08D83200CE069E /* Sources */ = {
			isa = PBXSourcesBuildPhase;
			buildActionMask = 2147483647;
			files = (
				9A5D01752C08D83200CE069E /* youareawesomeTests.swift in Sources */,
			);
			runOnlyForDeploymentPostprocessing = 0;
		};
		9A5D01762C08D83200CE069E /* Sources */ = {
			isa = PBXSourcesBuildPhase;
			buildActionMask = 2147483647;
			files = (
				9A5D017F2C08D83200CE069E /* youareawesomeUITests.swift in Sources */,
				9A5D01812C08D83200CE069E /* youareawesomeUITestsLaunchTests.swift in Sources */,
			);
			runOnlyForDeploymentPostprocessing = 0;
		};
/* End PBXSourcesBuildPhase section */

/* Begin PBXTargetDependency section */
		9A5D01722C08D83200CE069E /* PBXTargetDependency */ = {
			isa = PBXTargetDependency;
			target = 9A5D015F2C08D82F00CE069E /* youareawesome */;
			targetProxy = 9A5D01712C08D83200CE069E /* PBXContainerItemProxy */;
		};
		9A5D017C2C08D83200CE069E /* PBXTargetDependency */ = {
			isa = PBXTargetDependency;
			target = 9A5D015F2C08D82F00CE069E /* youareawesome */;
			targetProxy = 9A5D017B2C08D83200CE069E /* PBXContainerItemProxy */;
		};
/* End PBXTargetDependency section */

/* Begin XCBuildConfiguration section */
		9A5D01822C08D83200CE069E /* Debug */ = {
			isa = XCBuildConfiguration;
			buildSettings = {
				ALWAYS_SEARCH_USER_PATHS = NO;
				ASSETCATALOG_COMPILER_GENERATE_SWIFT_ASSET_SYMBOL_EXTENSIONS = YES;
				CLANG_ANALYZER_NONNULL = YES;
				CLANG_ANALYZER_NUMBER_OBJECT_CONVERSION = YES_AGGRESSIVE;
				CLANG_CXX_LANGUAGE_STANDARD = "gnu++20";
				CLANG_ENABLE_MODULES = YES;
				CLANG_ENABLE_OBJC_ARC = YES;
				CLANG_ENABLE_OBJC_WEAK = YES;
				CLANG_WARN_BLOCK_CAPTURE_AUTORELEASING = YES;
				CLANG_WARN_BOOL_CONVERSION = YES;
				CLANG_WARN_COMMA = YES;
				CLANG_WARN_CONSTANT_CONVERSION = YES;
				CLANG_WARN_DEPRECATED_OBJC_IMPLEMENTATIONS = YES;
				CLANG_WARN_DIRECT_OBJC_ISA_USAGE = YES_ERROR;
				CLANG_WARN_DOCUMENTATION_COMMENTS = YES;
				CLANG_WARN_EMPTY_BODY = YES;
				CLANG_WARN_ENUM_CONVERSION = YES;
				CLANG_WARN_INFINITE_RECURSION = YES;
				CLANG_WARN_INT_CONVERSION = YES;
				CLANG_WARN_NON_LITERAL_NULL_CONVERSION = YES;
				CLANG_WARN_OBJC_IMPLICIT_RETAIN_SELF = YES;
				CLANG_WARN_OBJC_LITERAL_CONVERSION = YES;
				CLANG_WARN_OBJC_ROOT_CLASS = YES_ERROR;
				CLANG_WARN_QUOTED_INCLUDE_IN_FRAMEWORK_HEADER = YES;
				CLANG_WARN_RANGE_LOOP_ANALYSIS = YES;
				CLANG_WARN_STRICT_PROTOTYPES = YES;
				CLANG_WARN_SUSPICIOUS_MOVE = YES;
				CLANG_WARN_UNGUARDED_AVAILABILITY = YES_AGGRESSIVE;
				CLANG_WARN_UNREACHABLE_CODE = YES;
				CLANG_WARN__DUPLICATE_METHOD_MATCH = YES;
				COPY_PHASE_STRIP = NO;
				DEBUG_INFORMATION_FORMAT = dwarf;
				ENABLE_STRICT_OBJC_MSGSEND = YES;
				ENABLE_TESTABILITY = YES;
				ENABLE_USER_SCRIPT_SANDBOXING = YES;
				GCC_C_LANGUAGE_STANDARD = gnu17;
				GCC_DYNAMIC_NO_PIC = NO;
				GCC_NO_COMMON_BLOCKS = YES;
				GCC_OPTIMIZATION_LEVEL = 0;
				GCC_PREPROCESSOR_DEFINITIONS = (
					"DEBUG=1",
					"$(inherited)",
				);
				GCC_WARN_64_TO_32_BIT_CONVERSION = YES;
				GCC_WARN_ABOUT_RETURN_TYPE = YES_ERROR;
				GCC_WARN_UNDECLARED_SELECTOR = YES;
				GCC_WARN_UNINITIALIZED_AUTOS = YES_AGGRESSIVE;
				GCC_WARN_UNUSED_FUNCTION = YES;
				GCC_WARN_UNUSED_VARIABLE = YES;
				IPHONEOS_DEPLOYMENT_TARGET = 17.5;
				LOCALIZATION_PREFERS_STRING_CATALOGS = YES;
				MTL_ENABLE_DEBUG_INFO = INCLUDE_SOURCE;
				MTL_FAST_MATH = YES;
				ONLY_ACTIVE_ARCH = YES;
				SDKROOT = iphoneos;
				SWIFT_ACTIVE_COMPILATION_CONDITIONS = "DEBUG $(inherited)";
				SWIFT_OPTIMIZATION_LEVEL = "-Onone";
			};
			name = Debug;
		};
		9A5D01832C08D83200CE069E /* Release */ = {
			isa = XCBuildConfiguration;
			buildSettings = {
				ALWAYS_SEARCH_USER_PATHS = NO;
				ASSETCATALOG_COMPILER_GENERATE_SWIFT_ASSET_SYMBOL_EXTENSIONS = YES;
				CLANG_ANALYZER_NONNULL = YES;
				CLANG_ANALYZER_NUMBER_OBJECT_CONVERSION = YES_AGGRESSIVE;
				CLANG_CXX_LANGUAGE_STANDARD = "gnu++20";
				CLANG_ENABLE_MODULES = YES;
				CLANG_ENABLE_OBJC_ARC = YES;
				CLANG_ENABLE_OBJC_WEAK = YES;
				CLANG_WARN_BLOCK_CAPTURE_AUTORELEASING = YES;
				CLANG_WARN_BOOL_CONVERSION = YES;
				CLANG_WARN_COMMA = YES;
				CLANG_WARN_CONSTANT_CONVERSION = YES;
				CLANG_WARN_DEPRECATED_OBJC_IMPLEMENTATIONS = YES;
				CLANG_WARN_DIRECT_OBJC_ISA_USAGE = YES_ERROR;
				CLANG_WARN_DOCUMENTATION_COMMENTS = YES;
				CLANG_WARN_EMPTY_BODY = YES;
				CLANG_WARN_ENUM_CONVERSION = YES;
				CLANG_WARN_INFINITE_RECURSION = YES;
				CLANG_WARN_INT_CONVERSION = YES;
				CLANG_WARN_NON_LITERAL_NULL_CONVERSION = YES;
				CLANG_WARN_OBJC_IMPLICIT_RETAIN_SELF = YES;
				CLANG_WARN_OBJC_LITERAL_CONVERSION = YES;
				CLANG_WARN_OBJC_ROOT_CLASS = YES_ERROR;
				CLANG_WARN_QUOTED_INCLUDE_IN_FRAMEWORK_HEADER = YES;
				CLANG_WARN_RANGE_LOOP_ANALYSIS = YES;
				CLANG_WARN_STRICT_PROTOTYPES = YES;
				CLANG_WARN_SUSPICIOUS_MOVE = YES;
				CLANG_WARN_UNGUARDED_AVAILABILITY = YES_AGGRESSIVE;
				CLANG_WARN_UNREACHABLE_CODE = YES;
				CLANG_WARN__DUPLICATE_METHOD_MATCH = YES;
				COPY_PHASE_STRIP = NO;
				DEBUG_INFORMATION_FORMAT = "dwarf-with-dsym";
				ENABLE_NS_ASSERTIONS = NO;
				ENABLE_STRICT_OBJC_MSGSEND = YES;
				ENABLE_USER_SCRIPT_SANDBOXING = YES;
				GCC_C_LANGUAGE_STANDARD = gnu17;
				GCC_NO_COMMON_BLOCKS = YES;
				GCC_WARN_64_TO_32_BIT_CONVERSION = YES;
				GCC_WARN_ABOUT_RETURN_TYPE = YES_ERROR;
				GCC_WARN_UNDECLARED_SELECTOR = YES;
				GCC_WARN_UNINITIALIZED_AUTOS = YES_AGGRESSIVE;
				GCC_WARN_UNUSED_FUNCTION = YES;
				GCC_WARN_UNUSED_VARIABLE = YES;
				IPHONEOS_DEPLOYMENT_TARGET = 17.5;
				LOCALIZATION_PREFERS_STRING_CATALOGS = YES;
				MTL_ENABLE_DEBUG_INFO = NO;
				MTL_FAST_MATH = YES;
				SDKROOT = iphoneos;
				SWIFT_COMPILATION_MODE = wholemodule;
				VALIDATE_PRODUCT = YES;
			};
			name = Release;
		};
		9A5D01852C08D83200CE069E /* Debug */ = {
			isa = XCBuildConfiguration;
			buildSettings = {
				ASSETCATALOG_COMPILER_APPICON_NAME = AppIcon;
				ASSETCATALOG_COMPILER_GLOBAL_ACCENT_COLOR_NAME = AccentColor;
				CODE_SIGN_STYLE = Automatic;
				CURRENT_PROJECT_VERSION = 1;
				DEVELOPMENT_ASSET_PATHS = "\"youareawesome/Preview Content\"";
				DEVELOPMENT_TEAM = P9Z5QB8965;
				ENABLE_PREVIEWS = YES;
				GENERATE_INFOPLIST_FILE = YES;
				INFOPLIST_FILE = youareawesome/Info.plist;
				INFOPLIST_KEY_LSApplicationCategoryType = "";
				INFOPLIST_KEY_UIApplicationSceneManifest_Generation = YES;
				INFOPLIST_KEY_UIApplicationSupportsIndirectInputEvents = YES;
				INFOPLIST_KEY_UISupportedInterfaceOrientations_iPad = "UIInterfaceOrientationPortrait UIInterfaceOrientationPortraitUpsideDown UIInterfaceOrientationLandscapeLeft UIInterfaceOrientationLandscapeRight";
				INFOPLIST_KEY_UISupportedInterfaceOrientations_iPhone = "UIInterfaceOrientationPortrait UIInterfaceOrientationLandscapeLeft UIInterfaceOrientationLandscapeRight";
				LD_RUNPATH_SEARCH_PATHS = (
					"$(inherited)",
					"@executable_path/Frameworks",
				);
				MARKETING_VERSION = 1.0;
				PRODUCT_BUNDLE_IDENTIFIER = beta.youareawesome;
				PRODUCT_NAME = "$(TARGET_NAME)";
				SWIFT_EMIT_LOC_STRINGS = YES;
				SWIFT_VERSION = 5.0;
				TARGETED_DEVICE_FAMILY = "1,2";
			};
			name = Debug;
		};
		9A5D01862C08D83200CE069E /* Release */ = {
			isa = XCBuildConfiguration;
			buildSettings = {
				ASSETCATALOG_COMPILER_APPICON_NAME = AppIcon;
				ASSETCATALOG_COMPILER_GLOBAL_ACCENT_COLOR_NAME = AccentColor;
				CODE_SIGN_STYLE = Automatic;
				CURRENT_PROJECT_VERSION = 1;
				DEVELOPMENT_ASSET_PATHS = "\"youareawesome/Preview Content\"";
				DEVELOPMENT_TEAM = P9Z5QB8965;
				ENABLE_PREVIEWS = YES;
				GENERATE_INFOPLIST_FILE = YES;
				INFOPLIST_FILE = youareawesome/Info.plist;
				INFOPLIST_KEY_LSApplicationCategoryType = "";
				INFOPLIST_KEY_UIApplicationSceneManifest_Generation = YES;
				INFOPLIST_KEY_UIApplicationSupportsIndirectInputEvents = YES;
				INFOPLIST_KEY_UISupportedInterfaceOrientations_iPad = "UIInterfaceOrientationPortrait UIInterfaceOrientationPortraitUpsideDown UIInterfaceOrientationLandscapeLeft UIInterfaceOrientationLandscapeRight";
				INFOPLIST_KEY_UISupportedInterfaceOrientations_iPhone = "UIInterfaceOrientationPortrait UIInterfaceOrientationLandscapeLeft UIInterfaceOrientationLandscapeRight";
				LD_RUNPATH_SEARCH_PATHS = (
					"$(inherited)",
					"@executable_path/Frameworks",
				);
				MARKETING_VERSION = 1.0;
				PRODUCT_BUNDLE_IDENTIFIER = beta.youareawesome;
				PRODUCT_NAME = "$(TARGET_NAME)";
				SWIFT_EMIT_LOC_STRINGS = YES;
				SWIFT_VERSION = 5.0;
				TARGETED_DEVICE_FAMILY = "1,2";
			};
			name = Release;
		};
		9A5D01882C08D83200CE069E /* Debug */ = {
			isa = XCBuildConfiguration;
			buildSettings = {
				ALWAYS_EMBED_SWIFT_STANDARD_LIBRARIES = YES;
				BUNDLE_LOADER = "$(TEST_HOST)";
				CODE_SIGN_STYLE = Automatic;
				CURRENT_PROJECT_VERSION = 1;
				DEVELOPMENT_TEAM = P9Z5QB8965;
				GENERATE_INFOPLIST_FILE = YES;
				IPHONEOS_DEPLOYMENT_TARGET = 17.5;
				MARKETING_VERSION = 1.0;
				PRODUCT_BUNDLE_IDENTIFIER = beta.youareawesomeTests;
				PRODUCT_NAME = "$(TARGET_NAME)";
				SWIFT_EMIT_LOC_STRINGS = NO;
				SWIFT_VERSION = 5.0;
				TARGETED_DEVICE_FAMILY = "1,2";
				TEST_HOST = "$(BUILT_PRODUCTS_DIR)/youareawesome.app/$(BUNDLE_EXECUTABLE_FOLDER_PATH)/youareawesome";
			};
			name = Debug;
		};
		9A5D01892C08D83200CE069E /* Release */ = {
			isa = XCBuildConfiguration;
			buildSettings = {
				ALWAYS_EMBED_SWIFT_STANDARD_LIBRARIES = YES;
				BUNDLE_LOADER = "$(TEST_HOST)";
				CODE_SIGN_STYLE = Automatic;
				CURRENT_PROJECT_VERSION = 1;
				DEVELOPMENT_TEAM = P9Z5QB8965;
				GENERATE_INFOPLIST_FILE = YES;
				IPHONEOS_DEPLOYMENT_TARGET = 17.5;
				MARKETING_VERSION = 1.0;
				PRODUCT_BUNDLE_IDENTIFIER = beta.youareawesomeTests;
				PRODUCT_NAME = "$(TARGET_NAME)";
				SWIFT_EMIT_LOC_STRINGS = NO;
				SWIFT_VERSION = 5.0;
				TARGETED_DEVICE_FAMILY = "1,2";
				TEST_HOST = "$(BUILT_PRODUCTS_DIR)/youareawesome.app/$(BUNDLE_EXECUTABLE_FOLDER_PATH)/youareawesome";
			};
			name = Release;
		};
		9A5D018B2C08D83200CE069E /* Debug */ = {
			isa = XCBuildConfiguration;
			buildSettings = {
				ALWAYS_EMBED_SWIFT_STANDARD_LIBRARIES = YES;
				CODE_SIGN_STYLE = Automatic;
				CURRENT_PROJECT_VERSION = 1;
				DEVELOPMENT_TEAM = P9Z5QB8965;
				GENERATE_INFOPLIST_FILE = YES;
				MARKETING_VERSION = 1.0;
				PRODUCT_BUNDLE_IDENTIFIER = beta.youareawesomeUITests;
				PRODUCT_NAME = "$(TARGET_NAME)";
				SWIFT_EMIT_LOC_STRINGS = NO;
				SWIFT_VERSION = 5.0;
				TARGETED_DEVICE_FAMILY = "1,2";
				TEST_TARGET_NAME = youareawesome;
			};
			name = Debug;
		};
		9A5D018C2C08D83200CE069E /* Release */ = {
			isa = XCBuildConfiguration;
			buildSettings = {
				ALWAYS_EMBED_SWIFT_STANDARD_LIBRARIES = YES;
				CODE_SIGN_STYLE = Automatic;
				CURRENT_PROJECT_VERSION = 1;
				DEVELOPMENT_TEAM = P9Z5QB8965;
				GENERATE_INFOPLIST_FILE = YES;
				MARKETING_VERSION = 1.0;
				PRODUCT_BUNDLE_IDENTIFIER = beta.youareawesomeUITests;
				PRODUCT_NAME = "$(TARGET_NAME)";
				SWIFT_EMIT_LOC_STRINGS = NO;
				SWIFT_VERSION = 5.0;
				TARGETED_DEVICE_FAMILY = "1,2";
				TEST_TARGET_NAME = youareawesome;
			};
			name = Release;
		};
/* End XCBuildConfiguration section */

/* Begin XCConfigurationList section */
		9A5D015B2C08D82F00CE069E /* Build configuration list for PBXProject "youareawesome" */ = {
			isa = XCConfigurationList;
			buildConfigurations = (
				9A5D01822C08D83200CE069E /* Debug */,
				9A5D01832C08D83200CE069E /* Release */,
			);
			defaultConfigurationIsVisible = 0;
			defaultConfigurationName = Release;
		};
		9A5D01842C08D83200CE069E /* Build configuration list for PBXNativeTarget "youareawesome" */ = {
			isa = XCConfigurationList;
			buildConfigurations = (
				9A5D01852C08D83200CE069E /* Debug */,
				9A5D01862C08D83200CE069E /* Release */,
			);
			defaultConfigurationIsVisible = 0;
			defaultConfigurationName = Release;
		};
		9A5D01872C08D83200CE069E /* Build configuration list for PBXNativeTarget "youareawesomeTests" */ = {
			isa = XCConfigurationList;
			buildConfigurations = (
				9A5D01882C08D83200CE069E /* Debug */,
				9A5D01892C08D83200CE069E /* Release */,
			);
			defaultConfigurationIsVisible = 0;
			defaultConfigurationName = Release;
		};
		9A5D018A2C08D83200CE069E /* Build configuration list for PBXNativeTarget "youareawesomeUITests" */ = {
			isa = XCConfigurationList;
			buildConfigurations = (
				9A5D018B2C08D83200CE069E /* Debug */,
				9A5D018C2C08D83200CE069E /* Release */,
			);
			defaultConfigurationIsVisible = 0;
			defaultConfigurationName = Release;
		};
/* End XCConfigurationList section */
	};
	rootObject = 9A5D01582C08D82F00CE069E /* Project object */;
}
